
Microsoft Visual Studio Solution File, Format Version 12.00
# Visual Studio 15
VisualStudioVersion = 15.0.28306.52
MinimumVisualStudioVersion = 10.0.40219.1
Project("{FAE04EC0-301F-11D3-BF4B-00C04F79EFBC}") = "NativoPlusStudio.RequestResponsePattern", "NativoPlusStudio.RequestResponsePattern\NativoPlusStudio.RequestResponsePattern.csproj", "{16CE7554-F846-41F8-9ABD-EAAC11BB1E4B}"
EndProject
Project("{FAE04EC0-301F-11D3-BF4B-00C04F79EFBC}") = "NativoPlusStudio.RequestResponsePatternTest", "NativoPlusStudio.RequestResponsePatternTest\NativoPlusStudio.RequestResponsePatternTest.csproj", "{BBCD1724-F588-49A8-8992-116E880DC816}"
EndProject
Global
	GlobalSection(SolutionConfigurationPlatforms) = preSolution
		Debug|Any CPU = Debug|Any CPU
		Release|Any CPU = Release|Any CPU
	EndGlobalSection
	GlobalSection(ProjectConfigurationPlatforms) = postSolution
		{16CE7554-F846-41F8-9ABD-EAAC11BB1E4B}.Debug|Any CPU.ActiveCfg = Debug|Any CPU
		{16CE7554-F846-41F8-9ABD-EAAC11BB1E4B}.Debug|Any CPU.Build.0 = Debug|Any CPU
		{16CE7554-F846-41F8-9ABD-EAAC11BB1E4B}.Release|Any CPU.ActiveCfg = Release|Any CPU
		{16CE7554-F846-41F8-9ABD-EAAC11BB1E4B}.Release|Any CPU.Build.0 = Release|Any CPU
		{BBCD1724-F588-49A8-8992-116E880DC816}.Debug|Any CPU.ActiveCfg = Debug|Any CPU
		{BBCD1724-F588-49A8-8992-116E880DC816}.Debug|Any CPU.Build.0 = Debug|Any CPU
		{BBCD1724-F588-49A8-8992-116E880DC816}.Release|Any CPU.ActiveCfg = Release|Any CPU
		{BBCD1724-F588-49A8-8992-116E880DC816}.Release|Any CPU.Build.0 = Release|Any CPU
	EndGlobalSection
	GlobalSection(SolutionProperties) = preSolution
		HideSolutionNode = FALSE
	EndGlobalSection
	GlobalSection(ExtensibilityGlobals) = postSolution
		SolutionGuid = {2744AD78-89B8-4167-A840-E79DE1C6C0AA}
	EndGlobalSection
EndGlobal
